
Microsoft Visual Studio Solution File, Format Version 12.00
# Visual Studio Version 16
VisualStudioVersion = 16.0.29326.143
MinimumVisualStudioVersion = 10.0.40219.1
Project("{FAE04EC0-301F-11D3-BF4B-00C04F79EFBC}") = "DocumentManagementSystem", "DocumentManagementSystem.csproj", "{4935B324-AD18-429C-8DE2-445241E2E46E}"
EndProject
Global
	GlobalSection(SolutionConfigurationPlatforms) = preSolution
		Debug|Any CPU = Debug|Any CPU
		Release|Any CPU = Release|Any CPU
	EndGlobalSection
	GlobalSection(ProjectConfigurationPlatforms) = postSolution
		{4935B324-AD18-429C-8DE2-445241E2E46E}.Debug|Any CPU.ActiveCfg = Debug|Any CPU
		{4935B324-AD18-429C-8DE2-445241E2E46E}.Debug|Any CPU.Build.0 = Debug|Any CPU
		{4935B324-AD18-429C-8DE2-445241E2E46E}.Release|Any CPU.ActiveCfg = Release|Any CPU
		{4935B324-AD18-429C-8DE2-445241E2E46E}.Release|Any CPU.Build.0 = Release|Any CPU
	EndGlobalSection
	GlobalSection(SolutionProperties) = preSolution
		HideSolutionNode = FALSE
	EndGlobalSection
	GlobalSection(ExtensibilityGlobals) = postSolution
		SolutionGuid = {339B4D93-7577-42D3-8C48-BC130B869727}
	EndGlobalSection
EndGlobal
